
Microsoft Visual Studio Solution File, Format Version 12.00
Project("{FAE04EC0-301F-11D3-BF4B-00C04F79EFBC}") = "HomeAssignmentCountriesApi", "HomeAssignmentCountriesApi\HomeAssignmentCountriesApi.csproj", "{3EB896B2-89BA-4BB7-AC2D-BB44EBAEB8B0}"
EndProject
Project("{FAE04EC0-301F-11D3-BF4B-00C04F79EFBC}") = "HomeAssignmentCountriesApi.Tests", "HomeAssignmentCountriesApi.Tests\HomeAssignmentCountriesApi.Tests.csproj", "{26FF9C79-AB88-4193-ADD3-6C06FF710927}"
EndProject
Global
	GlobalSection(SolutionConfigurationPlatforms) = preSolution
		Debug|Any CPU = Debug|Any CPU
		Release|Any CPU = Release|Any CPU
	EndGlobalSection
	GlobalSection(ProjectConfigurationPlatforms) = postSolution
		{3EB896B2-89BA-4BB7-AC2D-BB44EBAEB8B0}.Debug|Any CPU.ActiveCfg = Debug|Any CPU
		{3EB896B2-89BA-4BB7-AC2D-BB44EBAEB8B0}.Debug|Any CPU.Build.0 = Debug|Any CPU
		{3EB896B2-89BA-4BB7-AC2D-BB44EBAEB8B0}.Release|Any CPU.ActiveCfg = Release|Any CPU
		{3EB896B2-89BA-4BB7-AC2D-BB44EBAEB8B0}.Release|Any CPU.Build.0 = Release|Any CPU
		{26FF9C79-AB88-4193-ADD3-6C06FF710927}.Debug|Any CPU.ActiveCfg = Debug|Any CPU
		{26FF9C79-AB88-4193-ADD3-6C06FF710927}.Debug|Any CPU.Build.0 = Debug|Any CPU
		{26FF9C79-AB88-4193-ADD3-6C06FF710927}.Release|Any CPU.ActiveCfg = Release|Any CPU
		{26FF9C79-AB88-4193-ADD3-6C06FF710927}.Release|Any CPU.Build.0 = Release|Any CPU
	EndGlobalSection
EndGlobal
